
Microsoft Visual Studio Solution File, Format Version 12.00
# Visual Studio Version 17
VisualStudioVersion = 17.5.33530.505
MinimumVisualStudioVersion = 10.0.40219.1
Project("{FAE04EC0-301F-11D3-BF4B-00C04F79EFBC}") = "RussoPOS - Adi", "RussoPOS - Adi\RussoPOS - Adi.csproj", "{AA1566B1-E846-4418-8927-24573FF95847}"
EndProject
Global
	GlobalSection(SolutionConfigurationPlatforms) = preSolution
		Debug|Any CPU = Debug|Any CPU
		Release|Any CPU = Release|Any CPU
	EndGlobalSection
	GlobalSection(ProjectConfigurationPlatforms) = postSolution
		{AA1566B1-E846-4418-8927-24573FF95847}.Debug|Any CPU.ActiveCfg = Debug|Any CPU
		{AA1566B1-E846-4418-8927-24573FF95847}.Debug|Any CPU.Build.0 = Debug|Any CPU
		{AA1566B1-E846-4418-8927-24573FF95847}.Release|Any CPU.ActiveCfg = Release|Any CPU
		{AA1566B1-E846-4418-8927-24573FF95847}.Release|Any CPU.Build.0 = Release|Any CPU
	EndGlobalSection
	GlobalSection(SolutionProperties) = preSolution
		HideSolutionNode = FALSE
	EndGlobalSection
	GlobalSection(ExtensibilityGlobals) = postSolution
		SolutionGuid = {E5B9DC84-1A2E-4AF6-80AA-B051198B16AA}
	EndGlobalSection
EndGlobal
